// !$*UTF8*$!
{
	archiveVersion = 1;
	classes = {
	};
	objectVersion = 56;
	objects = {

/* Begin PBXBuildFile section */
		0794D7442B49E944008ED117 /* HomeView.swift in Sources */ = {isa = PBXBuildFile; fileRef = 0794D7432B49E944008ED117 /* HomeView.swift */; };
		0794D7482B49ECC2008ED117 /* CircleButtonView.swift in Sources */ = {isa = PBXBuildFile; fileRef = 0794D7472B49ECC2008ED117 /* CircleButtonView.swift */; };
		0794D74A2B49FB9E008ED117 /* CircleButtonAnimationView.swift in Sources */ = {isa = PBXBuildFile; fileRef = 0794D7492B49FB9E008ED117 /* CircleButtonAnimationView.swift */; };
		079558A92B4BB2770088A127 /* CoinModel.swift in Sources */ = {isa = PBXBuildFile; fileRef = 079558A82B4BB2770088A127 /* CoinModel.swift */; };
		07B864CB2B49DAFC0092ACEA /* Crypto_CurrencyApp.swift in Sources */ = {isa = PBXBuildFile; fileRef = 07B864CA2B49DAFC0092ACEA /* Crypto_CurrencyApp.swift */; };
		07B864CD2B49DAFC0092ACEA /* ContentView.swift in Sources */ = {isa = PBXBuildFile; fileRef = 07B864CC2B49DAFC0092ACEA /* ContentView.swift */; };
		07B864CF2B49DAFE0092ACEA /* Assets.xcassets in Resources */ = {isa = PBXBuildFile; fileRef = 07B864CE2B49DAFE0092ACEA /* Assets.xcassets */; };
		07B864D22B49DAFE0092ACEA /* Preview Assets.xcassets in Resources */ = {isa = PBXBuildFile; fileRef = 07B864D12B49DAFE0092ACEA /* Preview Assets.xcassets */; };
		07B864DA2B49DD070092ACEA /* Color+EXT.swift in Sources */ = {isa = PBXBuildFile; fileRef = 07B864D92B49DD070092ACEA /* Color+EXT.swift */; };
/* End PBXBuildFile section */

/* Begin PBXFileReference section */
		0794D7432B49E944008ED117 /* HomeView.swift */ = {isa = PBXFileReference; lastKnownFileType = sourcecode.swift; path = HomeView.swift; sourceTree = "<group>"; };
		0794D7472B49ECC2008ED117 /* CircleButtonView.swift */ = {isa = PBXFileReference; lastKnownFileType = sourcecode.swift; path = CircleButtonView.swift; sourceTree = "<group>"; };
		0794D7492B49FB9E008ED117 /* CircleButtonAnimationView.swift */ = {isa = PBXFileReference; lastKnownFileType = sourcecode.swift; path = CircleButtonAnimationView.swift; sourceTree = "<group>"; };
		079558A82B4BB2770088A127 /* CoinModel.swift */ = {isa = PBXFileReference; lastKnownFileType = sourcecode.swift; path = CoinModel.swift; sourceTree = "<group>"; };
		07B864C72B49DAFC0092ACEA /* Crypto-Currency.app */ = {isa = PBXFileReference; explicitFileType = wrapper.application; includeInIndex = 0; path = "Crypto-Currency.app"; sourceTree = BUILT_PRODUCTS_DIR; };
		07B864CA2B49DAFC0092ACEA /* Crypto_CurrencyApp.swift */ = {isa = PBXFileReference; lastKnownFileType = sourcecode.swift; path = Crypto_CurrencyApp.swift; sourceTree = "<group>"; };
		07B864CC2B49DAFC0092ACEA /* ContentView.swift */ = {isa = PBXFileReference; lastKnownFileType = sourcecode.swift; path = ContentView.swift; sourceTree = "<group>"; };
		07B864CE2B49DAFE0092ACEA /* Assets.xcassets */ = {isa = PBXFileReference; lastKnownFileType = folder.assetcatalog; path = Assets.xcassets; sourceTree = "<group>"; };
		07B864D12B49DAFE0092ACEA /* Preview Assets.xcassets */ = {isa = PBXFileReference; lastKnownFileType = folder.assetcatalog; path = "Preview Assets.xcassets"; sourceTree = "<group>"; };
		07B864D92B49DD070092ACEA /* Color+EXT.swift */ = {isa = PBXFileReference; lastKnownFileType = sourcecode.swift; path = "Color+EXT.swift"; sourceTree = "<group>"; };
/* End PBXFileReference section */

/* Begin PBXFrameworksBuildPhase section */
		07B864C42B49DAFC0092ACEA /* Frameworks */ = {
			isa = PBXFrameworksBuildPhase;
			buildActionMask = 2147483647;
			files = (
			);
			runOnlyForDeploymentPostprocessing = 0;
		};
/* End PBXFrameworksBuildPhase section */

/* Begin PBXGroup section */
		0794D73F2B49E8F3008ED117 /* Core */ = {
			isa = PBXGroup;
			children = (
				079558A72B4BB2630088A127 /* Models */,
				0794D7402B49E8FB008ED117 /* Home */,
			);
			path = Core;
			sourceTree = "<group>";
		};
		0794D7402B49E8FB008ED117 /* Home */ = {
			isa = PBXGroup;
			children = (
				0794D7452B49EC5D008ED117 /* ComponentViews */,
				0794D7422B49E912008ED117 /* ViewModel */,
				0794D7412B49E90C008ED117 /* Views */,
			);
			path = Home;
			sourceTree = "<group>";
		};
		0794D7412B49E90C008ED117 /* Views */ = {
			isa = PBXGroup;
			children = (
				0794D7432B49E944008ED117 /* HomeView.swift */,
			);
			path = Views;
			sourceTree = "<group>";
		};
		0794D7422B49E912008ED117 /* ViewModel */ = {
			isa = PBXGroup;
			children = (
			);
			path = ViewModel;
			sourceTree = "<group>";
		};
		0794D7452B49EC5D008ED117 /* ComponentViews */ = {
			isa = PBXGroup;
			children = (
				0794D7462B49EC75008ED117 /* CircleButtonView */,
			);
			path = ComponentViews;
			sourceTree = "<group>";
		};
		0794D7462B49EC75008ED117 /* CircleButtonView */ = {
			isa = PBXGroup;
			children = (
				0794D7472B49ECC2008ED117 /* CircleButtonView.swift */,
				0794D7492B49FB9E008ED117 /* CircleButtonAnimationView.swift */,
			);
			path = CircleButtonView;
			sourceTree = "<group>";
		};
		079558A72B4BB2630088A127 /* Models */ = {
			isa = PBXGroup;
			children = (
				079558A82B4BB2770088A127 /* CoinModel.swift */,
			);
			path = Models;
			sourceTree = "<group>";
		};
		07B864BE2B49DAFC0092ACEA = {
			isa = PBXGroup;
			children = (
				07B864C92B49DAFC0092ACEA /* Crypto-Currency */,
				07B864C82B49DAFC0092ACEA /* Products */,
			);
			sourceTree = "<group>";
		};
		07B864C82B49DAFC0092ACEA /* Products */ = {
			isa = PBXGroup;
			children = (
				07B864C72B49DAFC0092ACEA /* Crypto-Currency.app */,
			);
			name = Products;
			sourceTree = "<group>";
		};
		07B864C92B49DAFC0092ACEA /* Crypto-Currency */ = {
			isa = PBXGroup;
			children = (
				0794D73F2B49E8F3008ED117 /* Core */,
				07B864D82B49DCF30092ACEA /* Extensions */,
				07B864CA2B49DAFC0092ACEA /* Crypto_CurrencyApp.swift */,
				07B864CC2B49DAFC0092ACEA /* ContentView.swift */,
				07B864CE2B49DAFE0092ACEA /* Assets.xcassets */,
				07B864D02B49DAFE0092ACEA /* Preview Content */,
			);
			path = "Crypto-Currency";
			sourceTree = "<group>";
		};
		07B864D02B49DAFE0092ACEA /* Preview Content */ = {
			isa = PBXGroup;
			children = (
				07B864D12B49DAFE0092ACEA /* Preview Assets.xcassets */,
			);
			path = "Preview Content";
			sourceTree = "<group>";
		};
		07B864D82B49DCF30092ACEA /* Extensions */ = {
			isa = PBXGroup;
			children = (
				07B864D92B49DD070092ACEA /* Color+EXT.swift */,
			);
			path = Extensions;
			sourceTree = "<group>";
		};
/* End PBXGroup section */

/* Begin PBXNativeTarget section */
		07B864C62B49DAFC0092ACEA /* Crypto-Currency */ = {
			isa = PBXNativeTarget;
			buildConfigurationList = 07B864D52B49DAFE0092ACEA /* Build configuration list for PBXNativeTarget "Crypto-Currency" */;
			buildPhases = (
				07B864C32B49DAFC0092ACEA /* Sources */,
				07B864C42B49DAFC0092ACEA /* Frameworks */,
				07B864C52B49DAFC0092ACEA /* Resources */,
			);
			buildRules = (
			);
			dependencies = (
			);
			name = "Crypto-Currency";
			productName = "Crypto-Currency";
			productReference = 07B864C72B49DAFC0092ACEA /* Crypto-Currency.app */;
			productType = "com.apple.product-type.application";
		};
/* End PBXNativeTarget section */

/* Begin PBXProject section */
		07B864BF2B49DAFC0092ACEA /* Project object */ = {
			isa = PBXProject;
			attributes = {
				BuildIndependentTargetsInParallel = 1;
				LastSwiftUpdateCheck = 1410;
				LastUpgradeCheck = 1410;
				TargetAttributes = {
					07B864C62B49DAFC0092ACEA = {
						CreatedOnToolsVersion = 14.1;
					};
				};
			};
			buildConfigurationList = 07B864C22B49DAFC0092ACEA /* Build configuration list for PBXProject "Crypto-Currency" */;
			compatibilityVersion = "Xcode 14.0";
			developmentRegion = en;
			hasScannedForEncodings = 0;
			knownRegions = (
				en,
				Base,
			);
			mainGroup = 07B864BE2B49DAFC0092ACEA;
			productRefGroup = 07B864C82B49DAFC0092ACEA /* Products */;
			projectDirPath = "";
			projectRoot = "";
			targets = (
				07B864C62B49DAFC0092ACEA /* Crypto-Currency */,
			);
		};
/* End PBXProject section */

/* Begin PBXResourcesBuildPhase section */
		07B864C52B49DAFC0092ACEA /* Resources */ = {
			isa = PBXResourcesBuildPhase;
			buildActionMask = 2147483647;
			files = (
				07B864D22B49DAFE0092ACEA /* Preview Assets.xcassets in Resources */,
				07B864CF2B49DAFE0092ACEA /* Assets.xcassets in Resources */,
			);
			runOnlyForDeploymentPostprocessing = 0;
		};
/* End PBXResourcesBuildPhase section */

/* Begin PBXSourcesBuildPhase section */
		07B864C32B49DAFC0092ACEA /* Sources */ = {
			isa = PBXSourcesBuildPhase;
			buildActionMask = 2147483647;
			files = (
				07B864DA2B49DD070092ACEA /* Color+EXT.swift in Sources */,
				0794D7442B49E944008ED117 /* HomeView.swift in Sources */,
				07B864CD2B49DAFC0092ACEA /* ContentView.swift in Sources */,
				0794D7482B49ECC2008ED117 /* CircleButtonView.swift in Sources */,
				07B864CB2B49DAFC0092ACEA /* Crypto_CurrencyApp.swift in Sources */,
				0794D74A2B49FB9E008ED117 /* CircleButtonAnimationView.swift in Sources */,
				079558A92B4BB2770088A127 /* CoinModel.swift in Sources */,
			);
			runOnlyForDeploymentPostprocessing = 0;
		};
/* End PBXSourcesBuildPhase section */

/* Begin XCBuildConfiguration section */
		07B864D32B49DAFE0092ACEA /* Debug */ = {
			isa = XCBuildConfiguration;
			buildSettings = {
				ALWAYS_SEARCH_USER_PATHS = NO;
				CLANG_ANALYZER_NONNULL = YES;
				CLANG_ANALYZER_NUMBER_OBJECT_CONVERSION = YES_AGGRESSIVE;
				CLANG_CXX_LANGUAGE_STANDARD = "gnu++20";
				CLANG_ENABLE_MODULES = YES;
				CLANG_ENABLE_OBJC_ARC = YES;
				CLANG_ENABLE_OBJC_WEAK = YES;
				CLANG_WARN_BLOCK_CAPTURE_AUTORELEASING = YES;
				CLANG_WARN_BOOL_CONVERSION = YES;
				CLANG_WARN_COMMA = YES;
				CLANG_WARN_CONSTANT_CONVERSION = YES;
				CLANG_WARN_DEPRECATED_OBJC_IMPLEMENTATIONS = YES;
				CLANG_WARN_DIRECT_OBJC_ISA_USAGE = YES_ERROR;
				CLANG_WARN_DOCUMENTATION_COMMENTS = YES;
				CLANG_WARN_EMPTY_BODY = YES;
				CLANG_WARN_ENUM_CONVERSION = YES;
				CLANG_WARN_INFINITE_RECURSION = YES;
				CLANG_WARN_INT_CONVERSION = YES;
				CLANG_WARN_NON_LITERAL_NULL_CONVERSION = YES;
				CLANG_WARN_OBJC_IMPLICIT_RETAIN_SELF = YES;
				CLANG_WARN_OBJC_LITERAL_CONVERSION = YES;
				CLANG_WARN_OBJC_ROOT_CLASS = YES_ERROR;
				CLANG_WARN_QUOTED_INCLUDE_IN_FRAMEWORK_HEADER = YES;
				CLANG_WARN_RANGE_LOOP_ANALYSIS = YES;
				CLANG_WARN_STRICT_PROTOTYPES = YES;
				CLANG_WARN_SUSPICIOUS_MOVE = YES;
				CLANG_WARN_UNGUARDED_AVAILABILITY = YES_AGGRESSIVE;
				CLANG_WARN_UNREACHABLE_CODE = YES;
				CLANG_WARN__DUPLICATE_METHOD_MATCH = YES;
				COPY_PHASE_STRIP = NO;
				DEBUG_INFORMATION_FORMAT = dwarf;
				ENABLE_STRICT_OBJC_MSGSEND = YES;
				ENABLE_TESTABILITY = YES;
				GCC_C_LANGUAGE_STANDARD = gnu11;
				GCC_DYNAMIC_NO_PIC = NO;
				GCC_NO_COMMON_BLOCKS = YES;
				GCC_OPTIMIZATION_LEVEL = 0;
				GCC_PREPROCESSOR_DEFINITIONS = (
					"DEBUG=1",
					"$(inherited)",
				);
				GCC_WARN_64_TO_32_BIT_CONVERSION = YES;
				GCC_WARN_ABOUT_RETURN_TYPE = YES_ERROR;
				GCC_WARN_UNDECLARED_SELECTOR = YES;
				GCC_WARN_UNINITIALIZED_AUTOS = YES_AGGRESSIVE;
				GCC_WARN_UNUSED_FUNCTION = YES;
				GCC_WARN_UNUSED_VARIABLE = YES;
				IPHONEOS_DEPLOYMENT_TARGET = 16.1;
				MTL_ENABLE_DEBUG_INFO = INCLUDE_SOURCE;
				MTL_FAST_MATH = YES;
				ONLY_ACTIVE_ARCH = YES;
				SDKROOT = iphoneos;
				SWIFT_ACTIVE_COMPILATION_CONDITIONS = DEBUG;
				SWIFT_OPTIMIZATION_LEVEL = "-Onone";
			};
			name = Debug;
		};
		07B864D42B49DAFE0092ACEA /* Release */ = {
			isa = XCBuildConfiguration;
			buildSettings = {
				ALWAYS_SEARCH_USER_PATHS = NO;
				CLANG_ANALYZER_NONNULL = YES;
				CLANG_ANALYZER_NUMBER_OBJECT_CONVERSION = YES_AGGRESSIVE;
				CLANG_CXX_LANGUAGE_STANDARD = "gnu++20";
				CLANG_ENABLE_MODULES = YES;
				CLANG_ENABLE_OBJC_ARC = YES;
				CLANG_ENABLE_OBJC_WEAK = YES;
				CLANG_WARN_BLOCK_CAPTURE_AUTORELEASING = YES;
				CLANG_WARN_BOOL_CONVERSION = YES;
				CLANG_WARN_COMMA = YES;
				CLANG_WARN_CONSTANT_CONVERSION = YES;
				CLANG_WARN_DEPRECATED_OBJC_IMPLEMENTATIONS = YES;
				CLANG_WARN_DIRECT_OBJC_ISA_USAGE = YES_ERROR;
				CLANG_WARN_DOCUMENTATION_COMMENTS = YES;
				CLANG_WARN_EMPTY_BODY = YES;
				CLANG_WARN_ENUM_CONVERSION = YES;
				CLANG_WARN_INFINITE_RECURSION = YES;
				CLANG_WARN_INT_CONVERSION = YES;
				CLANG_WARN_NON_LITERAL_NULL_CONVERSION = YES;
				CLANG_WARN_OBJC_IMPLICIT_RETAIN_SELF = YES;
				CLANG_WARN_OBJC_LITERAL_CONVERSION = YES;
				CLANG_WARN_OBJC_ROOT_CLASS = YES_ERROR;
				CLANG_WARN_QUOTED_INCLUDE_IN_FRAMEWORK_HEADER = YES;
				CLANG_WARN_RANGE_LOOP_ANALYSIS = YES;
				CLANG_WARN_STRICT_PROTOTYPES = YES;
				CLANG_WARN_SUSPICIOUS_MOVE = YES;
				CLANG_WARN_UNGUARDED_AVAILABILITY = YES_AGGRESSIVE;
				CLANG_WARN_UNREACHABLE_CODE = YES;
				CLANG_WARN__DUPLICATE_METHOD_MATCH = YES;
				COPY_PHASE_STRIP = NO;
				DEBUG_INFORMATION_FORMAT = "dwarf-with-dsym";
				ENABLE_NS_ASSERTIONS = NO;
				ENABLE_STRICT_OBJC_MSGSEND = YES;
				GCC_C_LANGUAGE_STANDARD = gnu11;
				GCC_NO_COMMON_BLOCKS = YES;
				GCC_WARN_64_TO_32_BIT_CONVERSION = YES;
				GCC_WARN_ABOUT_RETURN_TYPE = YES_ERROR;
				GCC_WARN_UNDECLARED_SELECTOR = YES;
				GCC_WARN_UNINITIALIZED_AUTOS = YES_AGGRESSIVE;
				GCC_WARN_UNUSED_FUNCTION = YES;
				GCC_WARN_UNUSED_VARIABLE = YES;
				IPHONEOS_DEPLOYMENT_TARGET = 16.1;
				MTL_ENABLE_DEBUG_INFO = NO;
				MTL_FAST_MATH = YES;
				SDKROOT = iphoneos;
				SWIFT_COMPILATION_MODE = wholemodule;
				SWIFT_OPTIMIZATION_LEVEL = "-O";
				VALIDATE_PRODUCT = YES;
			};
			name = Release;
		};
		07B864D62B49DAFE0092ACEA /* Debug */ = {
			isa = XCBuildConfiguration;
			buildSettings = {
				ASSETCATALOG_COMPILER_APPICON_NAME = AppIcon;
				ASSETCATALOG_COMPILER_GLOBAL_ACCENT_COLOR_NAME = AccentColor;
				CODE_SIGN_STYLE = Automatic;
				CURRENT_PROJECT_VERSION = 1;
				DEVELOPMENT_ASSET_PATHS = "\"Crypto-Currency/Preview Content\"";
				DEVELOPMENT_TEAM = UQ2YS6389U;
				ENABLE_PREVIEWS = YES;
				GENERATE_INFOPLIST_FILE = YES;
				INFOPLIST_KEY_CFBundleDisplayName = "Crypto Tracker";
				INFOPLIST_KEY_UIApplicationSceneManifest_Generation = YES;
				INFOPLIST_KEY_UIApplicationSupportsIndirectInputEvents = YES;
				INFOPLIST_KEY_UILaunchScreen_Generation = YES;
				INFOPLIST_KEY_UISupportedInterfaceOrientations = UIInterfaceOrientationPortrait;
				INFOPLIST_KEY_UISupportedInterfaceOrientations_iPad = "UIInterfaceOrientationLandscapeLeft UIInterfaceOrientationLandscapeRight UIInterfaceOrientationPortrait UIInterfaceOrientationPortraitUpsideDown";
				LD_RUNPATH_SEARCH_PATHS = (
					"$(inherited)",
					"@executable_path/Frameworks",
				);
				MARKETING_VERSION = 1.0;
				PRODUCT_BUNDLE_IDENTIFIER = "com.OAM.Crypto-Currency";
				PRODUCT_NAME = "$(TARGET_NAME)";
				SWIFT_EMIT_LOC_STRINGS = YES;
				SWIFT_VERSION = 5.0;
				TARGETED_DEVICE_FAMILY = "1,2";
			};
			name = Debug;
		};
		07B864D72B49DAFE0092ACEA /* Release */ = {
			isa = XCBuildConfiguration;
			buildSettings = {
				ASSETCATALOG_COMPILER_APPICON_NAME = AppIcon;
				ASSETCATALOG_COMPILER_GLOBAL_ACCENT_COLOR_NAME = AccentColor;
				CODE_SIGN_STYLE = Automatic;
				CURRENT_PROJECT_VERSION = 1;
				DEVELOPMENT_ASSET_PATHS = "\"Crypto-Currency/Preview Content\"";
				DEVELOPMENT_TEAM = UQ2YS6389U;
				ENABLE_PREVIEWS = YES;
				GENERATE_INFOPLIST_FILE = YES;
				INFOPLIST_KEY_CFBundleDisplayName = "Crypto Tracker";
				INFOPLIST_KEY_UIApplicationSceneManifest_Generation = YES;
				INFOPLIST_KEY_UIApplicationSupportsIndirectInputEvents = YES;
				INFOPLIST_KEY_UILaunchScreen_Generation = YES;
				INFOPLIST_KEY_UISupportedInterfaceOrientations = UIInterfaceOrientationPortrait;
				INFOPLIST_KEY_UISupportedInterfaceOrientations_iPad = "UIInterfaceOrientationLandscapeLeft UIInterfaceOrientationLandscapeRight UIInterfaceOrientationPortrait UIInterfaceOrientationPortraitUpsideDown";
				LD_RUNPATH_SEARCH_PATHS = (
					"$(inherited)",
					"@executable_path/Frameworks",
				);
				MARKETING_VERSION = 1.0;
				PRODUCT_BUNDLE_IDENTIFIER = "com.OAM.Crypto-Currency";
				PRODUCT_NAME = "$(TARGET_NAME)";
				SWIFT_EMIT_LOC_STRINGS = YES;
				SWIFT_VERSION = 5.0;
				TARGETED_DEVICE_FAMILY = "1,2";
			};
			name = Release;
		};
/* End XCBuildConfiguration section */

/* Begin XCConfigurationList section */
		07B864C22B49DAFC0092ACEA /* Build configuration list for PBXProject "Crypto-Currency" */ = {
			isa = XCConfigurationList;
			buildConfigurations = (
				07B864D32B49DAFE0092ACEA /* Debug */,
				07B864D42B49DAFE0092ACEA /* Release */,
			);
			defaultConfigurationIsVisible = 0;
			defaultConfigurationName = Release;
		};
		07B864D52B49DAFE0092ACEA /* Build configuration list for PBXNativeTarget "Crypto-Currency" */ = {
			isa = XCConfigurationList;
			buildConfigurations = (
				07B864D62B49DAFE0092ACEA /* Debug */,
				07B864D72B49DAFE0092ACEA /* Release */,
			);
			defaultConfigurationIsVisible = 0;
			defaultConfigurationName = Release;
		};
/* End XCConfigurationList section */
	};
	rootObject = 07B864BF2B49DAFC0092ACEA /* Project object */;
}
